# THIS IS AN AUTOGENERATED FILE. DO NOT EDIT THIS FILE DIRECTLY.
# yarn lockfile v1


"@types/node@12.19.0":
  version "12.19.0"
  resolved "https://registry.yarnpkg.com/@types/node/-/node-12.19.0.tgz#a0f841c195bdbe0b5070da9278b3e22189e8c8f6"
  integrity sha512-4BVAE9yp5DU3ISqBInsaRp9J474HWNaNVs8eZ1Far3dI1MwS3Wk0EvBRMM4xBh3Oz+c05hUgJmcbtAVmG8bv7w==

typescript@^4.1.2:
  version "4.1.2"
  resolved "https://registry.yarnpkg.com/typescript/-/typescript-4.1.2.tgz#6369ef22516fe5e10304aae5a5c4862db55380e9"
  integrity sha512-thGloWsGH3SOxv1SoY7QojKi0tc+8FnOmiarEGMbd/lar7QOEd3hvlx3Fp5y6FlDUGl9L+pd4n2e+oToGMmhRQ==
